
Microsoft Visual Studio Solution File, Format Version 12.00
# Visual Studio Version 17
VisualStudioVersion = 17.13.35818.85 d17.13
MinimumVisualStudioVersion = 10.0.40219.1
Project("{FAE04EC0-301F-11D3-BF4B-00C04F79EFBC}") = "Amazon_API", "temp\Amazon_API.csproj", "{C48027C0-3423-F491-0BCC-7275DE5248DD}"
EndProject
Global
	GlobalSection(SolutionConfigurationPlatforms) = preSolution
		Debug|Any CPU = Debug|Any CPU
		Release|Any CPU = Release|Any CPU
	EndGlobalSection
	GlobalSection(ProjectConfigurationPlatforms) = postSolution
		{C48027C0-3423-F491-0BCC-7275DE5248DD}.Debug|Any CPU.ActiveCfg = Debug|Any CPU
		{C48027C0-3423-F491-0BCC-7275DE5248DD}.Debug|Any CPU.Build.0 = Debug|Any CPU
		{C48027C0-3423-F491-0BCC-7275DE5248DD}.Release|Any CPU.ActiveCfg = Release|Any CPU
		{C48027C0-3423-F491-0BCC-7275DE5248DD}.Release|Any CPU.Build.0 = Release|Any CPU
	EndGlobalSection
	GlobalSection(SolutionProperties) = preSolution
		HideSolutionNode = FALSE
	EndGlobalSection
	GlobalSection(ExtensibilityGlobals) = postSolution
		SolutionGuid = {75EE60DA-EDA3-4F77-AA95-44FC057F1F66}
	EndGlobalSection
EndGlobal
