
Microsoft Visual Studio Solution File, Format Version 12.00
# Visual Studio Version 17
VisualStudioVersion = 17.13.35818.85
MinimumVisualStudioVersion = 10.0.40219.1
Project("{FAE04EC0-301F-11D3-BF4B-00C04F79EFBC}") = "Amazon_API", "temp\Amazon_API.csproj", "{B6FD2B78-0688-43D5-A446-C18750308D74}"
EndProject
Global
	GlobalSection(SolutionConfigurationPlatforms) = preSolution
		Debug|Any CPU = Debug|Any CPU
		Release|Any CPU = Release|Any CPU
	EndGlobalSection
	GlobalSection(ProjectConfigurationPlatforms) = postSolution
		{B6FD2B78-0688-43D5-A446-C18750308D74}.Debug|Any CPU.ActiveCfg = Debug|Any CPU
		{B6FD2B78-0688-43D5-A446-C18750308D74}.Debug|Any CPU.Build.0 = Debug|Any CPU
		{B6FD2B78-0688-43D5-A446-C18750308D74}.Release|Any CPU.ActiveCfg = Release|Any CPU
		{B6FD2B78-0688-43D5-A446-C18750308D74}.Release|Any CPU.Build.0 = Release|Any CPU
	EndGlobalSection
	GlobalSection(SolutionProperties) = preSolution
		HideSolutionNode = FALSE
	EndGlobalSection
	GlobalSection(ExtensibilityGlobals) = postSolution
		SolutionGuid = {6BC9096C-AA64-4124-993C-82D7B6028851}
	EndGlobalSection
EndGlobal
